// !$*UTF8*$!
{
	archiveVersion = 1;
	classes = {
	};
	objectVersion = 46;
	objects = {

/* Begin PBXBuildFile section */
		830DF5671640E42100A31818 /* VPNSessionTests.m in Sources */ = {isa = PBXBuildFile; fileRef = 830DF5661640E42100A31818 /* VPNSessionTests.m */; };
		830DF56B1640E4EA00A31818 /* VPNSession.m in Sources */ = {isa = PBXBuildFile; fileRef = 830DF56A1640E4EA00A31818 /* VPNSession.m */; };
		830DF56C1640E4EA00A31818 /* VPNSession.m in Sources */ = {isa = PBXBuildFile; fileRef = 830DF56A1640E4EA00A31818 /* VPNSession.m */; };
		830DF56F1640E5F200A31818 /* VPNSessionBuilder.m in Sources */ = {isa = PBXBuildFile; fileRef = 830DF56E1640E5F200A31818 /* VPNSessionBuilder.m */; };
		830DF5701640E5F200A31818 /* VPNSessionBuilder.m in Sources */ = {isa = PBXBuildFile; fileRef = 830DF56E1640E5F200A31818 /* VPNSessionBuilder.m */; };
		83175E7B16364E3E000C98B4 /* VPNUserTest.m in Sources */ = {isa = PBXBuildFile; fileRef = 83175E7A16364E3E000C98B4 /* VPNUserTest.m */; };
		83175E7E163650BB000C98B4 /* VPNUserSignupViewControllerTest.m in Sources */ = {isa = PBXBuildFile; fileRef = 83175E7D163650BB000C98B4 /* VPNUserSignupViewControllerTest.m */; };
		83175E8116365367000C98B4 /* VPNLoginViewControllerTest.m in Sources */ = {isa = PBXBuildFile; fileRef = 83175E8016365367000C98B4 /* VPNLoginViewControllerTest.m */; };
		83175E8416365711000C98B4 /* VPNMainTabGroupControllerTest.m in Sources */ = {isa = PBXBuildFile; fileRef = 83175E8316365711000C98B4 /* VPNMainTabGroupControllerTest.m */; };
		83175E871636575E000C98B4 /* VPNHomeViewControllerTest.m in Sources */ = {isa = PBXBuildFile; fileRef = 83175E861636575E000C98B4 /* VPNHomeViewControllerTest.m */; };
		83175E8A16365A8E000C98B4 /* VPNSelectTaxRateViewController.m in Sources */ = {isa = PBXBuildFile; fileRef = 83175E8916365A8D000C98B4 /* VPNSelectTaxRateViewController.m */; };
		83175E8D16365A9F000C98B4 /* VPNSelectTaxRateViewControllerTest.m in Sources */ = {isa = PBXBuildFile; fileRef = 83175E8C16365A9F000C98B4 /* VPNSelectTaxRateViewControllerTest.m */; };
		83195D85162D175600B63831 /* UIKit.framework in Frameworks */ = {isa = PBXBuildFile; fileRef = 83195D84162D175600B63831 /* UIKit.framework */; };
		83195D87162D175600B63831 /* Foundation.framework in Frameworks */ = {isa = PBXBuildFile; fileRef = 83195D86162D175600B63831 /* Foundation.framework */; };
		83195D89162D175600B63831 /* CoreGraphics.framework in Frameworks */ = {isa = PBXBuildFile; fileRef = 83195D88162D175600B63831 /* CoreGraphics.framework */; };
		83195D8F162D175600B63831 /* InfoPlist.strings in Resources */ = {isa = PBXBuildFile; fileRef = 83195D8D162D175600B63831 /* InfoPlist.strings */; };
		83195D91162D175600B63831 /* main.m in Sources */ = {isa = PBXBuildFile; fileRef = 83195D90162D175600B63831 /* main.m */; };
		83195D95162D175600B63831 /* VPNAppDelegate.m in Sources */ = {isa = PBXBuildFile; fileRef = 83195D94162D175600B63831 /* VPNAppDelegate.m */; };
		83195D97162D175600B63831 /* Default.png in Resources */ = {isa = PBXBuildFile; fileRef = 83195D96162D175600B63831 /* Default.png */; };
		83195D99162D175600B63831 /* Default@2x.png in Resources */ = {isa = PBXBuildFile; fileRef = 83195D98162D175600B63831 /* Default@2x.png */; };
		83195D9B162D175600B63831 /* Default-568h@2x.png in Resources */ = {isa = PBXBuildFile; fileRef = 83195D9A162D175600B63831 /* Default-568h@2x.png */; };
		83195D9E162D175600B63831 /* MainStoryboard.storyboard in Resources */ = {isa = PBXBuildFile; fileRef = 83195D9C162D175600B63831 /* MainStoryboard.storyboard */; };
		83195DA3162D175600B63831 /* first.png in Resources */ = {isa = PBXBuildFile; fileRef = 83195DA2162D175600B63831 /* first.png */; };
		83195DA5162D175600B63831 /* first@2x.png in Resources */ = {isa = PBXBuildFile; fileRef = 83195DA4162D175600B63831 /* first@2x.png */; };
		83195DAA162D175600B63831 /* second.png in Resources */ = {isa = PBXBuildFile; fileRef = 83195DA9162D175600B63831 /* second.png */; };
		83195DAC162D175600B63831 /* second@2x.png in Resources */ = {isa = PBXBuildFile; fileRef = 83195DAB162D175600B63831 /* second@2x.png */; };
		83195DB4162D188F00B63831 /* VPNSplashViewController.m in Sources */ = {isa = PBXBuildFile; fileRef = 83195DB3162D188F00B63831 /* VPNSplashViewController.m */; };
		83195DB6162D234300B63831 /* QuartzCore.framework in Frameworks */ = {isa = PBXBuildFile; fileRef = 83195DB5162D234300B63831 /* QuartzCore.framework */; };
		83195DC2162D25AC00B63831 /* CDSplash.jpg in Resources */ = {isa = PBXBuildFile; fileRef = 83195DBA162D25AC00B63831 /* CDSplash.jpg */; };
		83195DC3162D25AC00B63831 /* CDSplash@2x.jpg in Resources */ = {isa = PBXBuildFile; fileRef = 83195DBB162D25AC00B63831 /* CDSplash@2x.jpg */; };
		83195DC4162D25AC00B63831 /* Default.png in Resources */ = {isa = PBXBuildFile; fileRef = 83195DBC162D25AC00B63831 /* Default.png */; };
		83195DC5162D25AC00B63831 /* Default@2x.png in Resources */ = {isa = PBXBuildFile; fileRef = 83195DBD162D25AC00B63831 /* Default@2x.png */; };
		83195DC6162D25AC00B63831 /* VP.png in Resources */ = {isa = PBXBuildFile; fileRef = 83195DBE162D25AC00B63831 /* VP.png */; };
		83195DC7162D25AC00B63831 /* VP@2x.png in Resources */ = {isa = PBXBuildFile; fileRef = 83195DBF162D25AC00B63831 /* VP@2x.png */; };
		83195DC9162D25C600B63831 /* appicon.png in Resources */ = {isa = PBXBuildFile; fileRef = 83195DC8162D25C600B63831 /* appicon.png */; };
		83195DCB162D25D100B63831 /* appicon@2x.png in Resources */ = {isa = PBXBuildFile; fileRef = 83195DCA162D25D100B63831 /* appicon@2x.png */; };
		831D8847162FB44500274662 /* VPNMainTabGroupViewController.m in Sources */ = {isa = PBXBuildFile; fileRef = 831D8846162FB44500274662 /* VPNMainTabGroupViewController.m */; };
		831D884A162FBAA900274662 /* CD_App_SU_Screen_r3.png in Resources */ = {isa = PBXBuildFile; fileRef = 831D8849162FBAA900274662 /* CD_App_SU_Screen_r3.png */; };
		8335A62E164B752D00806A98 /* VPNManagerTests.m in Sources */ = {isa = PBXBuildFile; fileRef = 8335A62D164B752D00806A98 /* VPNManagerTests.m */; };
		834DBDDF164CCAA1006B0ED8 /* VPNNotifier.m in Sources */ = {isa = PBXBuildFile; fileRef = 834DBDDE164CCAA1006B0ED8 /* VPNNotifier.m */; };
		834DBDE0164CCAA1006B0ED8 /* VPNNotifier.m in Sources */ = {isa = PBXBuildFile; fileRef = 834DBDDE164CCAA1006B0ED8 /* VPNNotifier.m */; };
		8368526B1633BC7D00E51EEB /* SenTestingKit.framework in Frameworks */ = {isa = PBXBuildFile; fileRef = 8368526A1633BC7D00E51EEB /* SenTestingKit.framework */; };
		8368526C1633BC7D00E51EEB /* UIKit.framework in Frameworks */ = {isa = PBXBuildFile; fileRef = 83195D84162D175600B63831 /* UIKit.framework */; };
		8368526D1633BC7D00E51EEB /* Foundation.framework in Frameworks */ = {isa = PBXBuildFile; fileRef = 83195D86162D175600B63831 /* Foundation.framework */; };
		836852731633BC7D00E51EEB /* InfoPlist.strings in Resources */ = {isa = PBXBuildFile; fileRef = 836852711633BC7D00E51EEB /* InfoPlist.strings */; };
		8372B08E16423A4800C6E762 /* VPNCommunicatorTests.m in Sources */ = {isa = PBXBuildFile; fileRef = 8372B08D16423A4800C6E762 /* VPNCommunicatorTests.m */; };
		8387D48C165615BA00FE7C0E /* VPNSelectTaxYearViewController.m in Sources */ = {isa = PBXBuildFile; fileRef = 8387D48B165615B900FE7C0E /* VPNSelectTaxYearViewController.m */; };
		8387D48D165615BA00FE7C0E /* VPNSelectTaxYearViewController.m in Sources */ = {isa = PBXBuildFile; fileRef = 8387D48B165615B900FE7C0E /* VPNSelectTaxYearViewController.m */; };
		8387D491165615DB00FE7C0E /* VPNSelectTaxYearViewControllerTests.m in Sources */ = {isa = PBXBuildFile; fileRef = 8387D490165615DB00FE7C0E /* VPNSelectTaxYearViewControllerTests.m */; };
		8390ECBC1648BCA1000D03AE /* VPNOrganizationTests.m in Sources */ = {isa = PBXBuildFile; fileRef = 8390ECBB1648BCA1000D03AE /* VPNOrganizationTests.m */; };
		8390ECC01648BCC0000D03AE /* VPNOrganization.m in Sources */ = {isa = PBXBuildFile; fileRef = 8390ECBF1648BCC0000D03AE /* VPNOrganization.m */; };
		8390ECC11648BCC0000D03AE /* VPNOrganization.m in Sources */ = {isa = PBXBuildFile; fileRef = 8390ECBF1648BCC0000D03AE /* VPNOrganization.m */; };
		8390ECC91648C12A000D03AE /* VPNOrganizationListViewController.m in Sources */ = {isa = PBXBuildFile; fileRef = 8390ECC81648C12A000D03AE /* VPNOrganizationListViewController.m */; };
		8390ECCA1648C12A000D03AE /* VPNOrganizationListViewController.m in Sources */ = {isa = PBXBuildFile; fileRef = 8390ECC81648C12A000D03AE /* VPNOrganizationListViewController.m */; };
		8390ECCD1648C145000D03AE /* VPNOrganizationsListViewControllerTests.m in Sources */ = {isa = PBXBuildFile; fileRef = 8390ECCC1648C145000D03AE /* VPNOrganizationsListViewControllerTests.m */; };
		8390ECD11648CA08000D03AE /* VPNOrganizationCell.m in Sources */ = {isa = PBXBuildFile; fileRef = 8390ECD01648CA08000D03AE /* VPNOrganizationCell.m */; };
		8390ECD21648CA08000D03AE /* VPNOrganizationCell.m in Sources */ = {isa = PBXBuildFile; fileRef = 8390ECD01648CA08000D03AE /* VPNOrganizationCell.m */; };
		8393FED3165B3CAA00BD52A2 /* VPNContactInfoCell.m in Sources */ = {isa = PBXBuildFile; fileRef = 8393FED2165B3CAA00BD52A2 /* VPNContactInfoCell.m */; };
		8393FED4165B3CAA00BD52A2 /* VPNContactInfoCell.m in Sources */ = {isa = PBXBuildFile; fileRef = 8393FED2165B3CAA00BD52A2 /* VPNContactInfoCell.m */; };
		8393FED8165B3CBA00BD52A2 /* VPNPasswordCell.m in Sources */ = {isa = PBXBuildFile; fileRef = 8393FED7165B3CBA00BD52A2 /* VPNPasswordCell.m */; };
		8393FED9165B3CBA00BD52A2 /* VPNPasswordCell.m in Sources */ = {isa = PBXBuildFile; fileRef = 8393FED7165B3CBA00BD52A2 /* VPNPasswordCell.m */; };
		8393FEDC165B3CCF00BD52A2 /* VPNTaxSavingsCell.m in Sources */ = {isa = PBXBuildFile; fileRef = 8393FEDB165B3CCF00BD52A2 /* VPNTaxSavingsCell.m */; };
		8393FEDD165B3CCF00BD52A2 /* VPNTaxSavingsCell.m in Sources */ = {isa = PBXBuildFile; fileRef = 8393FEDB165B3CCF00BD52A2 /* VPNTaxSavingsCell.m */; };
		8397DF72162E6C04000D8633 /* VPNUser.m in Sources */ = {isa = PBXBuildFile; fileRef = 8397DF71162E6C04000D8633 /* VPNUser.m */; };
		8397DF7A162E7581000D8633 /* VPNHomeViewController.m in Sources */ = {isa = PBXBuildFile; fileRef = 8397DF79162E7581000D8633 /* VPNHomeViewController.m */; };
		8397DF7F162E76C0000D8633 /* 17-bar-chart.png in Resources */ = {isa = PBXBuildFile; fileRef = 8397DF7B162E76C0000D8633 /* 17-bar-chart.png */; };
		8397DF80162E76C0000D8633 /* 53-house.png in Resources */ = {isa = PBXBuildFile; fileRef = 8397DF7C162E76C0000D8633 /* 53-house.png */; };
		8397DF81162E76C0000D8633 /* 172-pricetag.png in Resources */ = {isa = PBXBuildFile; fileRef = 8397DF7D162E76C0000D8633 /* 172-pricetag.png */; };
		8397DF82162E76C0000D8633 /* 177-building.png in Resources */ = {isa = PBXBuildFile; fileRef = 8397DF7E162E76C0000D8633 /* 177-building.png */; };
		8397DF84162E78E5000D8633 /* arrow_icon.jpg in Resources */ = {isa = PBXBuildFile; fileRef = 8397DF83162E78E5000D8633 /* arrow_icon.jpg */; };
		8397DF88162E81DA000D8633 /* iAd.framework in Frameworks */ = {isa = PBXBuildFile; fileRef = 8397DF87162E81DA000D8633 /* iAd.framework */; };
		8397DF8B162E82F2000D8633 /* logo_large.png in Resources */ = {isa = PBXBuildFile; fileRef = 8397DF89162E82F2000D8633 /* logo_large.png */; };
		8397DF8C162E82F2000D8633 /* logo_orgs.png in Resources */ = {isa = PBXBuildFile; fileRef = 8397DF8A162E82F2000D8633 /* logo_orgs.png */; };
		8398662016383591009D8518 /* libOCMock.a in Frameworks */ = {isa = PBXBuildFile; fileRef = 8398661816383591009D8518 /* libOCMock.a */; };
		8398667F1639816F009D8518 /* VPNTaxSavings.m in Sources */ = {isa = PBXBuildFile; fileRef = 8398667E1639816F009D8518 /* VPNTaxSavings.m */; };
		839866831639819A009D8518 /* VPNTaxSavingsTests.m in Sources */ = {isa = PBXBuildFile; fileRef = 839866821639819A009D8518 /* VPNTaxSavingsTests.m */; };
		83A1D3F316311295002CD13C /* VPNUserSignupViewController.m in Sources */ = {isa = PBXBuildFile; fileRef = 83A1D3F216311295002CD13C /* VPNUserSignupViewController.m */; };
		83A1D3F7163117DE002CD13C /* VPNLoginViewController.m in Sources */ = {isa = PBXBuildFile; fileRef = 83A1D3F6163117DE002CD13C /* VPNLoginViewController.m */; };
		83AD5A3F165E881600347FB3 /* VPNOverlayViewController.m in Sources */ = {isa = PBXBuildFile; fileRef = 83AD5A3E165E881600347FB3 /* VPNOverlayViewController.m */; };
		83AD5A40165E881600347FB3 /* VPNOverlayViewController.m in Sources */ = {isa = PBXBuildFile; fileRef = 83AD5A3E165E881600347FB3 /* VPNOverlayViewController.m */; };
		83AD5A42165E893000347FB3 /* VPNOverlayViewController.xib in Resources */ = {isa = PBXBuildFile; fileRef = 83AD5A41165E893000347FB3 /* VPNOverlayViewController.xib */; };
		83AD5A43165E893000347FB3 /* VPNOverlayViewController.xib in Resources */ = {isa = PBXBuildFile; fileRef = 83AD5A41165E893000347FB3 /* VPNOverlayViewController.xib */; };
		83BFD91B163F853A00BC64B7 /* VPNCDManager.m in Sources */ = {isa = PBXBuildFile; fileRef = 83BFD91A163F853A00BC64B7 /* VPNCDManager.m */; };
		83BFD91C163F853A00BC64B7 /* VPNCDManager.m in Sources */ = {isa = PBXBuildFile; fileRef = 83BFD91A163F853A00BC64B7 /* VPNCDManager.m */; };
		83BFD927163F892900BC64B7 /* VPNCDCommunicator.m in Sources */ = {isa = PBXBuildFile; fileRef = 83BFD926163F892900BC64B7 /* VPNCDCommunicator.m */; };
		83BFD928163F892900BC64B7 /* VPNCDCommunicator.m in Sources */ = {isa = PBXBuildFile; fileRef = 83BFD926163F892900BC64B7 /* VPNCDCommunicator.m */; };
		83BFD93C163F9A5000BC64B7 /* VPNUserBuilder.m in Sources */ = {isa = PBXBuildFile; fileRef = 83BFD93B163F9A4F00BC64B7 /* VPNUserBuilder.m */; };
		83BFD93D163F9A5000BC64B7 /* VPNUserBuilder.m in Sources */ = {isa = PBXBuildFile; fileRef = 83BFD93B163F9A4F00BC64B7 /* VPNUserBuilder.m */; };
/* End PBXBuildFile section */

/* Begin PBXContainerItemProxy section */
		83175E7216364912000C98B4 /* PBXContainerItemProxy */ = {
			isa = PBXContainerItemProxy;
			containerPortal = 83195D77162D175600B63831 /* Project object */;
			proxyType = 1;
			remoteGlobalIDString = 83195D7F162D175600B63831;
			remoteInfo = DonationApp;
		};
/* End PBXContainerItemProxy section */

/* Begin PBXFileReference section */
		830DF5651640E42100A31818 /* VPNSessionTests.h */ = {isa = PBXFileReference; fileEncoding = 4; lastKnownFileType = sourcecode.c.h; path = VPNSessionTests.h; sourceTree = "<group>"; };
		830DF5661640E42100A31818 /* VPNSessionTests.m */ = {isa = PBXFileReference; fileEncoding = 4; lastKnownFileType = sourcecode.c.objc; path = VPNSessionTests.m; sourceTree = "<group>"; };
		830DF5691640E4EA00A31818 /* VPNSession.h */ = {isa = PBXFileReference; fileEncoding = 4; lastKnownFileType = sourcecode.c.h; path = VPNSession.h; sourceTree = "<group>"; };
		830DF56A1640E4EA00A31818 /* VPNSession.m */ = {isa = PBXFileReference; fileEncoding = 4; lastKnownFileType = sourcecode.c.objc; path = VPNSession.m; sourceTree = "<group>"; };
		830DF56D1640E5F100A31818 /* VPNSessionBuilder.h */ = {isa = PBXFileReference; fileEncoding = 4; lastKnownFileType = sourcecode.c.h; path = VPNSessionBuilder.h; sourceTree = "<group>"; };
		830DF56E1640E5F200A31818 /* VPNSessionBuilder.m */ = {isa = PBXFileReference; fileEncoding = 4; lastKnownFileType = sourcecode.c.objc; path = VPNSessionBuilder.m; sourceTree = "<group>"; };
		83175E7916364E3E000C98B4 /* VPNUserTest.h */ = {isa = PBXFileReference; fileEncoding = 4; lastKnownFileType = sourcecode.c.h; path = VPNUserTest.h; sourceTree = "<group>"; };
		83175E7A16364E3E000C98B4 /* VPNUserTest.m */ = {isa = PBXFileReference; fileEncoding = 4; lastKnownFileType = sourcecode.c.objc; path = VPNUserTest.m; sourceTree = "<group>"; };
		83175E7C163650BB000C98B4 /* VPNUserSignupViewControllerTest.h */ = {isa = PBXFileReference; fileEncoding = 4; lastKnownFileType = sourcecode.c.h; path = VPNUserSignupViewControllerTest.h; sourceTree = "<group>"; };
		83175E7D163650BB000C98B4 /* VPNUserSignupViewControllerTest.m */ = {isa = PBXFileReference; fileEncoding = 4; lastKnownFileType = sourcecode.c.objc; path = VPNUserSignupViewControllerTest.m; sourceTree = "<group>"; };
		83175E7F16365367000C98B4 /* VPNLoginViewControllerTest.h */ = {isa = PBXFileReference; fileEncoding = 4; lastKnownFileType = sourcecode.c.h; path = VPNLoginViewControllerTest.h; sourceTree = "<group>"; };
		83175E8016365367000C98B4 /* VPNLoginViewControllerTest.m */ = {isa = PBXFileReference; fileEncoding = 4; lastKnownFileType = sourcecode.c.objc; path = VPNLoginViewControllerTest.m; sourceTree = "<group>"; };
		83175E8216365711000C98B4 /* VPNMainTabGroupControllerTest.h */ = {isa = PBXFileReference; fileEncoding = 4; lastKnownFileType = sourcecode.c.h; path = VPNMainTabGroupControllerTest.h; sourceTree = "<group>"; };
		83175E8316365711000C98B4 /* VPNMainTabGroupControllerTest.m */ = {isa = PBXFileReference; fileEncoding = 4; lastKnownFileType = sourcecode.c.objc; path = VPNMainTabGroupControllerTest.m; sourceTree = "<group>"; };
		83175E851636575E000C98B4 /* VPNHomeViewControllerTest.h */ = {isa = PBXFileReference; fileEncoding = 4; lastKnownFileType = sourcecode.c.h; path = VPNHomeViewControllerTest.h; sourceTree = "<group>"; };
		83175E861636575E000C98B4 /* VPNHomeViewControllerTest.m */ = {isa = PBXFileReference; fileEncoding = 4; lastKnownFileType = sourcecode.c.objc; path = VPNHomeViewControllerTest.m; sourceTree = "<group>"; };
		83175E8816365A8D000C98B4 /* VPNSelectTaxRateViewController.h */ = {isa = PBXFileReference; fileEncoding = 4; lastKnownFileType = sourcecode.c.h; path = VPNSelectTaxRateViewController.h; sourceTree = "<group>"; };
		83175E8916365A8D000C98B4 /* VPNSelectTaxRateViewController.m */ = {isa = PBXFileReference; fileEncoding = 4; lastKnownFileType = sourcecode.c.objc; path = VPNSelectTaxRateViewController.m; sourceTree = "<group>"; };
		83175E8B16365A9F000C98B4 /* VPNSelectTaxRateViewControllerTest.h */ = {isa = PBXFileReference; fileEncoding = 4; lastKnownFileType = sourcecode.c.h; path = VPNSelectTaxRateViewControllerTest.h; sourceTree = "<group>"; };
		83175E8C16365A9F000C98B4 /* VPNSelectTaxRateViewControllerTest.m */ = {isa = PBXFileReference; fileEncoding = 4; lastKnownFileType = sourcecode.c.objc; path = VPNSelectTaxRateViewControllerTest.m; sourceTree = "<group>"; };
		83195D80162D175600B63831 /* DonationApp.app */ = {isa = PBXFileReference; explicitFileType = wrapper.application; includeInIndex = 0; path = DonationApp.app; sourceTree = BUILT_PRODUCTS_DIR; };
		83195D84162D175600B63831 /* UIKit.framework */ = {isa = PBXFileReference; lastKnownFileType = wrapper.framework; name = UIKit.framework; path = System/Library/Frameworks/UIKit.framework; sourceTree = SDKROOT; };
		83195D86162D175600B63831 /* Foundation.framework */ = {isa = PBXFileReference; lastKnownFileType = wrapper.framework; name = Foundation.framework; path = System/Library/Frameworks/Foundation.framework; sourceTree = SDKROOT; };
		83195D88162D175600B63831 /* CoreGraphics.framework */ = {isa = PBXFileReference; lastKnownFileType = wrapper.framework; name = CoreGraphics.framework; path = System/Library/Frameworks/CoreGraphics.framework; sourceTree = SDKROOT; };
		83195D8C162D175600B63831 /* DonationApp-Info.plist */ = {isa = PBXFileReference; lastKnownFileType = text.plist.xml; path = "DonationApp-Info.plist"; sourceTree = "<group>"; };
		83195D8E162D175600B63831 /* en */ = {isa = PBXFileReference; lastKnownFileType = text.plist.strings; name = en; path = en.lproj/InfoPlist.strings; sourceTree = "<group>"; };
		83195D90162D175600B63831 /* main.m */ = {isa = PBXFileReference; lastKnownFileType = sourcecode.c.objc; path = main.m; sourceTree = "<group>"; };
		83195D92162D175600B63831 /* DonationApp-Prefix.pch */ = {isa = PBXFileReference; lastKnownFileType = sourcecode.c.h; path = "DonationApp-Prefix.pch"; sourceTree = "<group>"; };
		83195D93162D175600B63831 /* VPNAppDelegate.h */ = {isa = PBXFileReference; lastKnownFileType = sourcecode.c.h; path = VPNAppDelegate.h; sourceTree = "<group>"; };
		83195D94162D175600B63831 /* VPNAppDelegate.m */ = {isa = PBXFileReference; lastKnownFileType = sourcecode.c.objc; path = VPNAppDelegate.m; sourceTree = "<group>"; };
		83195D96162D175600B63831 /* Default.png */ = {isa = PBXFileReference; lastKnownFileType = image.png; path = Default.png; sourceTree = "<group>"; };
		83195D98162D175600B63831 /* Default@2x.png */ = {isa = PBXFileReference; lastKnownFileType = image.png; path = "Default@2x.png"; sourceTree = "<group>"; };
		83195D9A162D175600B63831 /* Default-568h@2x.png */ = {isa = PBXFileReference; lastKnownFileType = image.png; path = "Default-568h@2x.png"; sourceTree = "<group>"; };
		83195D9D162D175600B63831 /* en */ = {isa = PBXFileReference; lastKnownFileType = file.storyboard; name = en; path = en.lproj/MainStoryboard.storyboard; sourceTree = "<group>"; };
		83195DA2162D175600B63831 /* first.png */ = {isa = PBXFileReference; lastKnownFileType = image.png; path = first.png; sourceTree = "<group>"; };
		83195DA4162D175600B63831 /* first@2x.png */ = {isa = PBXFileReference; lastKnownFileType = image.png; path = "first@2x.png"; sourceTree = "<group>"; };
		83195DA9162D175600B63831 /* second.png */ = {isa = PBXFileReference; lastKnownFileType = image.png; path = second.png; sourceTree = "<group>"; };
		83195DAB162D175600B63831 /* second@2x.png */ = {isa = PBXFileReference; lastKnownFileType = image.png; path = "second@2x.png"; sourceTree = "<group>"; };
		83195DB2162D188F00B63831 /* VPNSplashViewController.h */ = {isa = PBXFileReference; fileEncoding = 4; lastKnownFileType = sourcecode.c.h; path = VPNSplashViewController.h; sourceTree = "<group>"; };
		83195DB3162D188F00B63831 /* VPNSplashViewController.m */ = {isa = PBXFileReference; fileEncoding = 4; lastKnownFileType = sourcecode.c.objc; path = VPNSplashViewController.m; sourceTree = "<group>"; };
		83195DB5162D234300B63831 /* QuartzCore.framework */ = {isa = PBXFileReference; lastKnownFileType = wrapper.framework; name = QuartzCore.framework; path = System/Library/Frameworks/QuartzCore.framework; sourceTree = SDKROOT; };
		83195DBA162D25AC00B63831 /* CDSplash.jpg */ = {isa = PBXFileReference; lastKnownFileType = image.jpeg; path = CDSplash.jpg; sourceTree = "<group>"; };
		83195DBB162D25AC00B63831 /* CDSplash@2x.jpg */ = {isa = PBXFileReference; lastKnownFileType = image.jpeg; path = "CDSplash@2x.jpg"; sourceTree = "<group>"; };
		83195DBC162D25AC00B63831 /* Default.png */ = {isa = PBXFileReference; lastKnownFileType = image.png; path = Default.png; sourceTree = "<group>"; };
		83195DBD162D25AC00B63831 /* Default@2x.png */ = {isa = PBXFileReference; lastKnownFileType = image.png; path = "Default@2x.png"; sourceTree = "<group>"; };
		83195DBE162D25AC00B63831 /* VP.png */ = {isa = PBXFileReference; lastKnownFileType = image.png; path = VP.png; sourceTree = "<group>"; };
		83195DBF162D25AC00B63831 /* VP@2x.png */ = {isa = PBXFileReference; lastKnownFileType = image.png; path = "VP@2x.png"; sourceTree = "<group>"; };
		83195DC8162D25C600B63831 /* appicon.png */ = {isa = PBXFileReference; lastKnownFileType = image.png; path = appicon.png; sourceTree = "<group>"; };
		83195DCA162D25D100B63831 /* appicon@2x.png */ = {isa = PBXFileReference; lastKnownFileType = image.png; path = "appicon@2x.png"; sourceTree = "<group>"; };
		831D8845162FB44500274662 /* VPNMainTabGroupViewController.h */ = {isa = PBXFileReference; fileEncoding = 4; lastKnownFileType = sourcecode.c.h; path = VPNMainTabGroupViewController.h; sourceTree = "<group>"; };
		831D8846162FB44500274662 /* VPNMainTabGroupViewController.m */ = {isa = PBXFileReference; fileEncoding = 4; lastKnownFileType = sourcecode.c.objc; path = VPNMainTabGroupViewController.m; sourceTree = "<group>"; };
		831D8849162FBAA900274662 /* CD_App_SU_Screen_r3.png */ = {isa = PBXFileReference; lastKnownFileType = image.png; path = CD_App_SU_Screen_r3.png; sourceTree = "<group>"; };
		8335A62C164B752D00806A98 /* VPNManagerTests.h */ = {isa = PBXFileReference; fileEncoding = 4; lastKnownFileType = sourcecode.c.h; path = VPNManagerTests.h; sourceTree = "<group>"; };
		8335A62D164B752D00806A98 /* VPNManagerTests.m */ = {isa = PBXFileReference; fileEncoding = 4; lastKnownFileType = sourcecode.c.objc; path = VPNManagerTests.m; sourceTree = "<group>"; };
		834DBDDD164CCAA1006B0ED8 /* VPNNotifier.h */ = {isa = PBXFileReference; fileEncoding = 4; lastKnownFileType = sourcecode.c.h; path = VPNNotifier.h; sourceTree = "<group>"; };
		834DBDDE164CCAA1006B0ED8 /* VPNNotifier.m */ = {isa = PBXFileReference; fileEncoding = 4; lastKnownFileType = sourcecode.c.objc; path = VPNNotifier.m; sourceTree = "<group>"; };
		836852691633BC7D00E51EEB /* DonationAppTests.octest */ = {isa = PBXFileReference; explicitFileType = wrapper.cfbundle; includeInIndex = 0; path = DonationAppTests.octest; sourceTree = BUILT_PRODUCTS_DIR; };
		8368526A1633BC7D00E51EEB /* SenTestingKit.framework */ = {isa = PBXFileReference; lastKnownFileType = wrapper.framework; name = SenTestingKit.framework; path = Library/Frameworks/SenTestingKit.framework; sourceTree = DEVELOPER_DIR; };
		836852701633BC7D00E51EEB /* DonationAppTests-Info.plist */ = {isa = PBXFileReference; lastKnownFileType = text.plist.xml; path = "DonationAppTests-Info.plist"; sourceTree = "<group>"; };
		836852721633BC7D00E51EEB /* en */ = {isa = PBXFileReference; lastKnownFileType = text.plist.strings; name = en; path = en.lproj/InfoPlist.strings; sourceTree = "<group>"; };
		836852771633BC7D00E51EEB /* DonationAppTests-Prefix.pch */ = {isa = PBXFileReference; lastKnownFileType = sourcecode.c.h; path = "DonationAppTests-Prefix.pch"; sourceTree = "<group>"; };
		8372B08C16423A4800C6E762 /* VPNCommunicatorTests.h */ = {isa = PBXFileReference; fileEncoding = 4; lastKnownFileType = sourcecode.c.h; path = VPNCommunicatorTests.h; sourceTree = "<group>"; };
		8372B08D16423A4800C6E762 /* VPNCommunicatorTests.m */ = {isa = PBXFileReference; fileEncoding = 4; lastKnownFileType = sourcecode.c.objc; path = VPNCommunicatorTests.m; sourceTree = "<group>"; };
		8374CCFE1642302B0013C678 /* VPNCommunicatorDelegate.h */ = {isa = PBXFileReference; fileEncoding = 4; lastKnownFileType = sourcecode.c.h; path = VPNCommunicatorDelegate.h; sourceTree = "<group>"; };
		8387D48A165615B800FE7C0E /* VPNSelectTaxYearViewController.h */ = {isa = PBXFileReference; fileEncoding = 4; lastKnownFileType = sourcecode.c.h; name = VPNSelectTaxYearViewController.h; path = Controllers/VPNSelectTaxYearViewController.h; sourceTree = "<group>"; };
		8387D48B165615B900FE7C0E /* VPNSelectTaxYearViewController.m */ = {isa = PBXFileReference; fileEncoding = 4; lastKnownFileType = sourcecode.c.objc; name = VPNSelectTaxYearViewController.m; path = Controllers/VPNSelectTaxYearViewController.m; sourceTree = "<group>"; };
		8387D48F165615DB00FE7C0E /* VPNSelectTaxYearViewControllerTests.h */ = {isa = PBXFileReference; fileEncoding = 4; lastKnownFileType = sourcecode.c.h; path = VPNSelectTaxYearViewControllerTests.h; sourceTree = "<group>"; };
		8387D490165615DB00FE7C0E /* VPNSelectTaxYearViewControllerTests.m */ = {isa = PBXFileReference; fileEncoding = 4; lastKnownFileType = sourcecode.c.objc; path = VPNSelectTaxYearViewControllerTests.m; sourceTree = "<group>"; };
		8390ECBA1648BCA1000D03AE /* VPNOrganizationTests.h */ = {isa = PBXFileReference; fileEncoding = 4; lastKnownFileType = sourcecode.c.h; path = VPNOrganizationTests.h; sourceTree = "<group>"; };
		8390ECBB1648BCA1000D03AE /* VPNOrganizationTests.m */ = {isa = PBXFileReference; fileEncoding = 4; lastKnownFileType = sourcecode.c.objc; path = VPNOrganizationTests.m; sourceTree = "<group>"; };
		8390ECBE1648BCC0000D03AE /* VPNOrganization.h */ = {isa = PBXFileReference; fileEncoding = 4; lastKnownFileType = sourcecode.c.h; name = VPNOrganization.h; path = models/VPNOrganization.h; sourceTree = "<group>"; };
		8390ECBF1648BCC0000D03AE /* VPNOrganization.m */ = {isa = PBXFileReference; fileEncoding = 4; lastKnownFileType = sourcecode.c.objc; name = VPNOrganization.m; path = models/VPNOrganization.m; sourceTree = "<group>"; };
		8390ECC71648C12A000D03AE /* VPNOrganizationListViewController.h */ = {isa = PBXFileReference; fileEncoding = 4; lastKnownFileType = sourcecode.c.h; name = VPNOrganizationListViewController.h; path = Controllers/VPNOrganizationListViewController.h; sourceTree = "<group>"; };
		8390ECC81648C12A000D03AE /* VPNOrganizationListViewController.m */ = {isa = PBXFileReference; fileEncoding = 4; lastKnownFileType = sourcecode.c.objc; name = VPNOrganizationListViewController.m; path = Controllers/VPNOrganizationListViewController.m; sourceTree = "<group>"; };
		8390ECCB1648C145000D03AE /* VPNOrganizationsListViewControllerTests.h */ = {isa = PBXFileReference; fileEncoding = 4; lastKnownFileType = sourcecode.c.h; path = VPNOrganizationsListViewControllerTests.h; sourceTree = "<group>"; };
		8390ECCC1648C145000D03AE /* VPNOrganizationsListViewControllerTests.m */ = {isa = PBXFileReference; fileEncoding = 4; lastKnownFileType = sourcecode.c.objc; path = VPNOrganizationsListViewControllerTests.m; sourceTree = "<group>"; };
		8390ECCF1648CA08000D03AE /* VPNOrganizationCell.h */ = {isa = PBXFileReference; fileEncoding = 4; lastKnownFileType = sourcecode.c.h; name = VPNOrganizationCell.h; path = CustomCells/VPNOrganizationCell.h; sourceTree = "<group>"; };
		8390ECD01648CA08000D03AE /* VPNOrganizationCell.m */ = {isa = PBXFileReference; fileEncoding = 4; lastKnownFileType = sourcecode.c.objc; name = VPNOrganizationCell.m; path = CustomCells/VPNOrganizationCell.m; sourceTree = "<group>"; };
		8393FED1165B3CAA00BD52A2 /* VPNContactInfoCell.h */ = {isa = PBXFileReference; fileEncoding = 4; lastKnownFileType = sourcecode.c.h; path = VPNContactInfoCell.h; sourceTree = "<group>"; };
		8393FED2165B3CAA00BD52A2 /* VPNContactInfoCell.m */ = {isa = PBXFileReference; fileEncoding = 4; lastKnownFileType = sourcecode.c.objc; path = VPNContactInfoCell.m; sourceTree = "<group>"; };
		8393FED6165B3CBA00BD52A2 /* VPNPasswordCell.h */ = {isa = PBXFileReference; fileEncoding = 4; lastKnownFileType = sourcecode.c.h; path = VPNPasswordCell.h; sourceTree = "<group>"; };
		8393FED7165B3CBA00BD52A2 /* VPNPasswordCell.m */ = {isa = PBXFileReference; fileEncoding = 4; lastKnownFileType = sourcecode.c.objc; path = VPNPasswordCell.m; sourceTree = "<group>"; };
		8393FEDA165B3CCF00BD52A2 /* VPNTaxSavingsCell.h */ = {isa = PBXFileReference; fileEncoding = 4; lastKnownFileType = sourcecode.c.h; name = VPNTaxSavingsCell.h; path = CustomCells/VPNTaxSavingsCell.h; sourceTree = "<group>"; };
		8393FEDB165B3CCF00BD52A2 /* VPNTaxSavingsCell.m */ = {isa = PBXFileReference; fileEncoding = 4; lastKnownFileType = sourcecode.c.objc; name = VPNTaxSavingsCell.m; path = CustomCells/VPNTaxSavingsCell.m; sourceTree = "<group>"; };
		8397DF70162E6C04000D8633 /* VPNUser.h */ = {isa = PBXFileReference; fileEncoding = 4; lastKnownFileType = sourcecode.c.h; name = VPNUser.h; path = models/VPNUser.h; sourceTree = "<group>"; };
		8397DF71162E6C04000D8633 /* VPNUser.m */ = {isa = PBXFileReference; fileEncoding = 4; lastKnownFileType = sourcecode.c.objc; name = VPNUser.m; path = models/VPNUser.m; sourceTree = "<group>"; };
		8397DF78162E7581000D8633 /* VPNHomeViewController.h */ = {isa = PBXFileReference; fileEncoding = 4; lastKnownFileType = sourcecode.c.h; path = VPNHomeViewController.h; sourceTree = "<group>"; };
		8397DF79162E7581000D8633 /* VPNHomeViewController.m */ = {isa = PBXFileReference; fileEncoding = 4; lastKnownFileType = sourcecode.c.objc; path = VPNHomeViewController.m; sourceTree = "<group>"; };
		8397DF7B162E76C0000D8633 /* 17-bar-chart.png */ = {isa = PBXFileReference; lastKnownFileType = image.png; path = "17-bar-chart.png"; sourceTree = "<group>"; };
		8397DF7C162E76C0000D8633 /* 53-house.png */ = {isa = PBXFileReference; lastKnownFileType = image.png; path = "53-house.png"; sourceTree = "<group>"; };
		8397DF7D162E76C0000D8633 /* 172-pricetag.png */ = {isa = PBXFileReference; lastKnownFileType = image.png; path = "172-pricetag.png"; sourceTree = "<group>"; };
		8397DF7E162E76C0000D8633 /* 177-building.png */ = {isa = PBXFileReference; lastKnownFileType = image.png; path = "177-building.png"; sourceTree = "<group>"; };
		8397DF83162E78E5000D8633 /* arrow_icon.jpg */ = {isa = PBXFileReference; lastKnownFileType = image.jpeg; path = arrow_icon.jpg; sourceTree = "<group>"; };
		8397DF85162E8127000D8633 /* AdSupport.framework */ = {isa = PBXFileReference; lastKnownFileType = wrapper.framework; name = AdSupport.framework; path = System/Library/Frameworks/AdSupport.framework; sourceTree = SDKROOT; };
		8397DF87162E81DA000D8633 /* iAd.framework */ = {isa = PBXFileReference; lastKnownFileType = wrapper.framework; name = iAd.framework; path = System/Library/Frameworks/iAd.framework; sourceTree = SDKROOT; };
		8397DF89162E82F2000D8633 /* logo_large.png */ = {isa = PBXFileReference; lastKnownFileType = image.png; path = logo_large.png; sourceTree = "<group>"; };
		8397DF8A162E82F2000D8633 /* logo_orgs.png */ = {isa = PBXFileReference; lastKnownFileType = image.png; path = logo_orgs.png; sourceTree = "<group>"; };
		8398661816383591009D8518 /* libOCMock.a */ = {isa = PBXFileReference; lastKnownFileType = archive.ar; path = libOCMock.a; sourceTree = "<group>"; };
		8398661A16383591009D8518 /* NSNotificationCenter+OCMAdditions.h */ = {isa = PBXFileReference; fileEncoding = 4; lastKnownFileType = sourcecode.c.h; path = "NSNotificationCenter+OCMAdditions.h"; sourceTree = "<group>"; };
		8398661B16383591009D8518 /* OCMArg.h */ = {isa = PBXFileReference; fileEncoding = 4; lastKnownFileType = sourcecode.c.h; path = OCMArg.h; sourceTree = "<group>"; };
		8398661C16383591009D8518 /* OCMConstraint.h */ = {isa = PBXFileReference; fileEncoding = 4; lastKnownFileType = sourcecode.c.h; path = OCMConstraint.h; sourceTree = "<group>"; };
		8398661D16383591009D8518 /* OCMock.h */ = {isa = PBXFileReference; fileEncoding = 4; lastKnownFileType = sourcecode.c.h; path = OCMock.h; sourceTree = "<group>"; };
		8398661E16383591009D8518 /* OCMockObject.h */ = {isa = PBXFileReference; fileEncoding = 4; lastKnownFileType = sourcecode.c.h; path = OCMockObject.h; sourceTree = "<group>"; };
		8398661F16383591009D8518 /* OCMockRecorder.h */ = {isa = PBXFileReference; fileEncoding = 4; lastKnownFileType = sourcecode.c.h; path = OCMockRecorder.h; sourceTree = "<group>"; };
		8398667D1639816F009D8518 /* VPNTaxSavings.h */ = {isa = PBXFileReference; fileEncoding = 4; lastKnownFileType = sourcecode.c.h; name = VPNTaxSavings.h; path = models/VPNTaxSavings.h; sourceTree = "<group>"; };
		8398667E1639816F009D8518 /* VPNTaxSavings.m */ = {isa = PBXFileReference; fileEncoding = 4; lastKnownFileType = sourcecode.c.objc; name = VPNTaxSavings.m; path = models/VPNTaxSavings.m; sourceTree = "<group>"; };
		839866811639819A009D8518 /* VPNTaxSavingsTests.h */ = {isa = PBXFileReference; fileEncoding = 4; lastKnownFileType = sourcecode.c.h; path = VPNTaxSavingsTests.h; sourceTree = "<group>"; };
		839866821639819A009D8518 /* VPNTaxSavingsTests.m */ = {isa = PBXFileReference; fileEncoding = 4; lastKnownFileType = sourcecode.c.objc; path = VPNTaxSavingsTests.m; sourceTree = "<group>"; };
		83A1D3F116311295002CD13C /* VPNUserSignupViewController.h */ = {isa = PBXFileReference; fileEncoding = 4; lastKnownFileType = sourcecode.c.h; path = VPNUserSignupViewController.h; sourceTree = "<group>"; };
		83A1D3F216311295002CD13C /* VPNUserSignupViewController.m */ = {isa = PBXFileReference; fileEncoding = 4; lastKnownFileType = sourcecode.c.objc; path = VPNUserSignupViewController.m; sourceTree = "<group>"; };
		83A1D3F5163117DE002CD13C /* VPNLoginViewController.h */ = {isa = PBXFileReference; fileEncoding = 4; lastKnownFileType = sourcecode.c.h; path = VPNLoginViewController.h; sourceTree = "<group>"; };
		83A1D3F6163117DE002CD13C /* VPNLoginViewController.m */ = {isa = PBXFileReference; fileEncoding = 4; lastKnownFileType = sourcecode.c.objc; path = VPNLoginViewController.m; sourceTree = "<group>"; };
		83AD5A3D165E881600347FB3 /* VPNOverlayViewController.h */ = {isa = PBXFileReference; fileEncoding = 4; lastKnownFileType = sourcecode.c.h; name = VPNOverlayViewController.h; path = Controllers/VPNOverlayViewController.h; sourceTree = "<group>"; };
		83AD5A3E165E881600347FB3 /* VPNOverlayViewController.m */ = {isa = PBXFileReference; fileEncoding = 4; lastKnownFileType = sourcecode.c.objc; name = VPNOverlayViewController.m; path = Controllers/VPNOverlayViewController.m; sourceTree = "<group>"; };
		83AD5A41165E893000347FB3 /* VPNOverlayViewController.xib */ = {isa = PBXFileReference; fileEncoding = 4; lastKnownFileType = file.xib; name = VPNOverlayViewController.xib; path = Controllers/VPNOverlayViewController.xib; sourceTree = "<group>"; };
		83BFD919163F853A00BC64B7 /* VPNCDManager.h */ = {isa = PBXFileReference; fileEncoding = 4; lastKnownFileType = sourcecode.c.h; path = VPNCDManager.h; sourceTree = "<group>"; };
		83BFD91A163F853A00BC64B7 /* VPNCDManager.m */ = {isa = PBXFileReference; fileEncoding = 4; lastKnownFileType = sourcecode.c.objc; path = VPNCDManager.m; sourceTree = "<group>"; };
		83BFD91D163F85DD00BC64B7 /* VPNCDManagerDelegate.h */ = {isa = PBXFileReference; fileEncoding = 4; lastKnownFileType = sourcecode.c.h; path = VPNCDManagerDelegate.h; sourceTree = "<group>"; };
		83BFD925163F892900BC64B7 /* VPNCDCommunicator.h */ = {isa = PBXFileReference; fileEncoding = 4; lastKnownFileType = sourcecode.c.h; path = VPNCDCommunicator.h; sourceTree = "<group>"; };
		83BFD926163F892900BC64B7 /* VPNCDCommunicator.m */ = {isa = PBXFileReference; fileEncoding = 4; lastKnownFileType = sourcecode.c.objc; path = VPNCDCommunicator.m; sourceTree = "<group>"; };
		83BFD93A163F9A4F00BC64B7 /* VPNUserBuilder.h */ = {isa = PBXFileReference; fileEncoding = 4; lastKnownFileType = sourcecode.c.h; path = VPNUserBuilder.h; sourceTree = "<group>"; };
		83BFD93B163F9A4F00BC64B7 /* VPNUserBuilder.m */ = {isa = PBXFileReference; fileEncoding = 4; lastKnownFileType = sourcecode.c.objc; path = VPNUserBuilder.m; sourceTree = "<group>"; };
/* End PBXFileReference section */

/* Begin PBXFrameworksBuildPhase section */
		83195D7D162D175600B63831 /* Frameworks */ = {
			isa = PBXFrameworksBuildPhase;
			buildActionMask = 2147483647;
			files = (
				8397DF88162E81DA000D8633 /* iAd.framework in Frameworks */,
				83195DB6162D234300B63831 /* QuartzCore.framework in Frameworks */,
				83195D85162D175600B63831 /* UIKit.framework in Frameworks */,
				83195D87162D175600B63831 /* Foundation.framework in Frameworks */,
				83195D89162D175600B63831 /* CoreGraphics.framework in Frameworks */,
			);
			runOnlyForDeploymentPostprocessing = 0;
		};
		836852651633BC7D00E51EEB /* Frameworks */ = {
			isa = PBXFrameworksBuildPhase;
			buildActionMask = 2147483647;
			files = (
				8368526B1633BC7D00E51EEB /* SenTestingKit.framework in Frameworks */,
				8368526C1633BC7D00E51EEB /* UIKit.framework in Frameworks */,
				8368526D1633BC7D00E51EEB /* Foundation.framework in Frameworks */,
				8398662016383591009D8518 /* libOCMock.a in Frameworks */,
			);
			runOnlyForDeploymentPostprocessing = 0;
		};
/* End PBXFrameworksBuildPhase section */

/* Begin PBXGroup section */
		83195D75162D175600B63831 = {
			isa = PBXGroup;
			children = (
				8397DF87162E81DA000D8633 /* iAd.framework */,
				8397DF85162E8127000D8633 /* AdSupport.framework */,
				83195DCA162D25D100B63831 /* appicon@2x.png */,
				83195DC8162D25C600B63831 /* appicon.png */,
				83195DB5162D234300B63831 /* QuartzCore.framework */,
				83195D8A162D175600B63831 /* DonationApp */,
				8368526E1633BC7D00E51EEB /* DonationAppTests */,
				83195D83162D175600B63831 /* Frameworks */,
				83195D81162D175600B63831 /* Products */,
			);
			sourceTree = "<group>";
		};
		83195D81162D175600B63831 /* Products */ = {
			isa = PBXGroup;
			children = (
				83195D80162D175600B63831 /* DonationApp.app */,
				836852691633BC7D00E51EEB /* DonationAppTests.octest */,
			);
			name = Products;
			sourceTree = "<group>";
		};
		83195D83162D175600B63831 /* Frameworks */ = {
			isa = PBXGroup;
			children = (
				83195D84162D175600B63831 /* UIKit.framework */,
				83195D86162D175600B63831 /* Foundation.framework */,
				83195D88162D175600B63831 /* CoreGraphics.framework */,
				8368526A1633BC7D00E51EEB /* SenTestingKit.framework */,
			);
			name = Frameworks;
			sourceTree = "<group>";
		};
		83195D8A162D175600B63831 /* DonationApp */ = {
			isa = PBXGroup;
			children = (
				8390ECCE1648C9E3000D03AE /* CustomCells */,
				8390ECC21648C0D5000D03AE /* Controllers */,
				8397DF77162E6CA2000D8633 /* models */,
				83195DB7162D25AC00B63831 /* images */,
				83195D93162D175600B63831 /* VPNAppDelegate.h */,
				83195D94162D175600B63831 /* VPNAppDelegate.m */,
				83195D9C162D175600B63831 /* MainStoryboard.storyboard */,
				83195DA2162D175600B63831 /* first.png */,
				83195DA4162D175600B63831 /* first@2x.png */,
				83195DA9162D175600B63831 /* second.png */,
				83195DAB162D175600B63831 /* second@2x.png */,
				83195D8B162D175600B63831 /* Supporting Files */,
				83BFD919163F853A00BC64B7 /* VPNCDManager.h */,
				83BFD91A163F853A00BC64B7 /* VPNCDManager.m */,
				83BFD91D163F85DD00BC64B7 /* VPNCDManagerDelegate.h */,
				83BFD925163F892900BC64B7 /* VPNCDCommunicator.h */,
				83BFD926163F892900BC64B7 /* VPNCDCommunicator.m */,
				83BFD93A163F9A4F00BC64B7 /* VPNUserBuilder.h */,
				83BFD93B163F9A4F00BC64B7 /* VPNUserBuilder.m */,
				830DF56D1640E5F100A31818 /* VPNSessionBuilder.h */,
				830DF56E1640E5F200A31818 /* VPNSessionBuilder.m */,
				8374CCFE1642302B0013C678 /* VPNCommunicatorDelegate.h */,
				834DBDDD164CCAA1006B0ED8 /* VPNNotifier.h */,
				834DBDDE164CCAA1006B0ED8 /* VPNNotifier.m */,
			);
			path = DonationApp;
			sourceTree = "<group>";
		};
		83195D8B162D175600B63831 /* Supporting Files */ = {
			isa = PBXGroup;
			children = (
				83195D8C162D175600B63831 /* DonationApp-Info.plist */,
				83195D8D162D175600B63831 /* InfoPlist.strings */,
				83195D90162D175600B63831 /* main.m */,
				83195D92162D175600B63831 /* DonationApp-Prefix.pch */,
				83195D96162D175600B63831 /* Default.png */,
				83195D98162D175600B63831 /* Default@2x.png */,
				83195D9A162D175600B63831 /* Default-568h@2x.png */,
			);
			name = "Supporting Files";
			sourceTree = "<group>";
		};
		83195DB7162D25AC00B63831 /* images */ = {
			isa = PBXGroup;
			children = (
				831D8849162FBAA900274662 /* CD_App_SU_Screen_r3.png */,
				8397DF89162E82F2000D8633 /* logo_large.png */,
				8397DF8A162E82F2000D8633 /* logo_orgs.png */,
				8397DF83162E78E5000D8633 /* arrow_icon.jpg */,
				8397DF7B162E76C0000D8633 /* 17-bar-chart.png */,
				8397DF7C162E76C0000D8633 /* 53-house.png */,
				8397DF7D162E76C0000D8633 /* 172-pricetag.png */,
				8397DF7E162E76C0000D8633 /* 177-building.png */,
				83195DBA162D25AC00B63831 /* CDSplash.jpg */,
				83195DBB162D25AC00B63831 /* CDSplash@2x.jpg */,
				83195DBC162D25AC00B63831 /* Default.png */,
				83195DBD162D25AC00B63831 /* Default@2x.png */,
				83195DBE162D25AC00B63831 /* VP.png */,
				83195DBF162D25AC00B63831 /* VP@2x.png */,
			);
			path = images;
			sourceTree = "<group>";
		};
		8368526E1633BC7D00E51EEB /* DonationAppTests */ = {
			isa = PBXGroup;
			children = (
				8383DD98163834AE009467F1 /* libraries */,
				8368526F1633BC7D00E51EEB /* Supporting Files */,
				83175E7916364E3E000C98B4 /* VPNUserTest.h */,
				83175E7A16364E3E000C98B4 /* VPNUserTest.m */,
				83175E7C163650BB000C98B4 /* VPNUserSignupViewControllerTest.h */,
				83175E7D163650BB000C98B4 /* VPNUserSignupViewControllerTest.m */,
				83175E7F16365367000C98B4 /* VPNLoginViewControllerTest.h */,
				83175E8016365367000C98B4 /* VPNLoginViewControllerTest.m */,
				83175E8216365711000C98B4 /* VPNMainTabGroupControllerTest.h */,
				83175E8316365711000C98B4 /* VPNMainTabGroupControllerTest.m */,
				83175E851636575E000C98B4 /* VPNHomeViewControllerTest.h */,
				83175E861636575E000C98B4 /* VPNHomeViewControllerTest.m */,
				83175E8B16365A9F000C98B4 /* VPNSelectTaxRateViewControllerTest.h */,
				83175E8C16365A9F000C98B4 /* VPNSelectTaxRateViewControllerTest.m */,
				839866811639819A009D8518 /* VPNTaxSavingsTests.h */,
				839866821639819A009D8518 /* VPNTaxSavingsTests.m */,
				830DF5651640E42100A31818 /* VPNSessionTests.h */,
				830DF5661640E42100A31818 /* VPNSessionTests.m */,
				8372B08C16423A4800C6E762 /* VPNCommunicatorTests.h */,
				8372B08D16423A4800C6E762 /* VPNCommunicatorTests.m */,
				8390ECBA1648BCA1000D03AE /* VPNOrganizationTests.h */,
				8390ECBB1648BCA1000D03AE /* VPNOrganizationTests.m */,
				8390ECCB1648C145000D03AE /* VPNOrganizationsListViewControllerTests.h */,
				8390ECCC1648C145000D03AE /* VPNOrganizationsListViewControllerTests.m */,
				8335A62C164B752D00806A98 /* VPNManagerTests.h */,
				8335A62D164B752D00806A98 /* VPNManagerTests.m */,
				8387D48F165615DB00FE7C0E /* VPNSelectTaxYearViewControllerTests.h */,
				8387D490165615DB00FE7C0E /* VPNSelectTaxYearViewControllerTests.m */,
			);
			path = DonationAppTests;
			sourceTree = "<group>";
		};
		8368526F1633BC7D00E51EEB /* Supporting Files */ = {
			isa = PBXGroup;
			children = (
				836852701633BC7D00E51EEB /* DonationAppTests-Info.plist */,
				836852711633BC7D00E51EEB /* InfoPlist.strings */,
				836852771633BC7D00E51EEB /* DonationAppTests-Prefix.pch */,
			);
			name = "Supporting Files";
			sourceTree = "<group>";
		};
		8383DD98163834AE009467F1 /* libraries */ = {
			isa = PBXGroup;
			children = (
				8398661816383591009D8518 /* libOCMock.a */,
				8398661916383591009D8518 /* OCMock */,
			);
			path = libraries;
			sourceTree = "<group>";
		};
		8390ECC21648C0D5000D03AE /* Controllers */ = {
			isa = PBXGroup;
			children = (
				83AD5A3D165E881600347FB3 /* VPNOverlayViewController.h */,
				83AD5A3E165E881600347FB3 /* VPNOverlayViewController.m */,
				83AD5A41165E893000347FB3 /* VPNOverlayViewController.xib */,
				8387D48A165615B800FE7C0E /* VPNSelectTaxYearViewController.h */,
				8387D48B165615B900FE7C0E /* VPNSelectTaxYearViewController.m */,
				83195DB2162D188F00B63831 /* VPNSplashViewController.h */,
				83195DB3162D188F00B63831 /* VPNSplashViewController.m */,
				8397DF78162E7581000D8633 /* VPNHomeViewController.h */,
				8397DF79162E7581000D8633 /* VPNHomeViewController.m */,
				831D8845162FB44500274662 /* VPNMainTabGroupViewController.h */,
				831D8846162FB44500274662 /* VPNMainTabGroupViewController.m */,
				83A1D3F116311295002CD13C /* VPNUserSignupViewController.h */,
				83A1D3F216311295002CD13C /* VPNUserSignupViewController.m */,
				83A1D3F5163117DE002CD13C /* VPNLoginViewController.h */,
				83A1D3F6163117DE002CD13C /* VPNLoginViewController.m */,
				83175E8816365A8D000C98B4 /* VPNSelectTaxRateViewController.h */,
				83175E8916365A8D000C98B4 /* VPNSelectTaxRateViewController.m */,
				8390ECC71648C12A000D03AE /* VPNOrganizationListViewController.h */,
				8390ECC81648C12A000D03AE /* VPNOrganizationListViewController.m */,
			);
			name = Controllers;
			sourceTree = "<group>";
		};
		8390ECCE1648C9E3000D03AE /* CustomCells */ = {
			isa = PBXGroup;
			children = (
				8390ECCF1648CA08000D03AE /* VPNOrganizationCell.h */,
				8390ECD01648CA08000D03AE /* VPNOrganizationCell.m */,
				8393FED1165B3CAA00BD52A2 /* VPNContactInfoCell.h */,
				8393FED2165B3CAA00BD52A2 /* VPNContactInfoCell.m */,
				8393FED6165B3CBA00BD52A2 /* VPNPasswordCell.h */,
				8393FED7165B3CBA00BD52A2 /* VPNPasswordCell.m */,
				8393FEDA165B3CCF00BD52A2 /* VPNTaxSavingsCell.h */,
				8393FEDB165B3CCF00BD52A2 /* VPNTaxSavingsCell.m */,
			);
			name = CustomCells;
			sourceTree = "<group>";
		};
		8397DF77162E6CA2000D8633 /* models */ = {
			isa = PBXGroup;
			children = (
				8397DF70162E6C04000D8633 /* VPNUser.h */,
				8397DF71162E6C04000D8633 /* VPNUser.m */,
				8398667D1639816F009D8518 /* VPNTaxSavings.h */,
				8398667E1639816F009D8518 /* VPNTaxSavings.m */,
				830DF5691640E4EA00A31818 /* VPNSession.h */,
				830DF56A1640E4EA00A31818 /* VPNSession.m */,
				8390ECBE1648BCC0000D03AE /* VPNOrganization.h */,
				8390ECBF1648BCC0000D03AE /* VPNOrganization.m */,
			);
			name = models;
			sourceTree = "<group>";
		};
		8398661916383591009D8518 /* OCMock */ = {
			isa = PBXGroup;
			children = (
				8398661A16383591009D8518 /* NSNotificationCenter+OCMAdditions.h */,
				8398661B16383591009D8518 /* OCMArg.h */,
				8398661C16383591009D8518 /* OCMConstraint.h */,
				8398661D16383591009D8518 /* OCMock.h */,
				8398661E16383591009D8518 /* OCMockObject.h */,
				8398661F16383591009D8518 /* OCMockRecorder.h */,
			);
			path = OCMock;
			sourceTree = "<group>";
		};
/* End PBXGroup section */

/* Begin PBXNativeTarget section */
		83195D7F162D175600B63831 /* DonationApp */ = {
			isa = PBXNativeTarget;
			buildConfigurationList = 83195DAF162D175600B63831 /* Build configuration list for PBXNativeTarget "DonationApp" */;
			buildPhases = (
				83195D7C162D175600B63831 /* Sources */,
				83195D7D162D175600B63831 /* Frameworks */,
				83195D7E162D175600B63831 /* Resources */,
			);
			buildRules = (
			);
			dependencies = (
			);
			name = DonationApp;
			productName = DonationApp;
			productReference = 83195D80162D175600B63831 /* DonationApp.app */;
			productType = "com.apple.product-type.application";
		};
		836852681633BC7D00E51EEB /* DonationAppTests */ = {
			isa = PBXNativeTarget;
			buildConfigurationList = 8368527A1633BC7D00E51EEB /* Build configuration list for PBXNativeTarget "DonationAppTests" */;
			buildPhases = (
				836852641633BC7D00E51EEB /* Sources */,
				836852651633BC7D00E51EEB /* Frameworks */,
				836852661633BC7D00E51EEB /* Resources */,
				836852671633BC7D00E51EEB /* ShellScript */,
			);
			buildRules = (
			);
			dependencies = (
				83175E7316364912000C98B4 /* PBXTargetDependency */,
			);
			name = DonationAppTests;
			productName = DonationAppTests;
			productReference = 836852691633BC7D00E51EEB /* DonationAppTests.octest */;
			productType = "com.apple.product-type.bundle";
		};
/* End PBXNativeTarget section */

/* Begin PBXProject section */
		83195D77162D175600B63831 /* Project object */ = {
			isa = PBXProject;
			attributes = {
				CLASSPREFIX = VPN;
				LastUpgradeCheck = 0450;
				ORGANIZATIONNAME = "Chris Shireman";
			};
			buildConfigurationList = 83195D7A162D175600B63831 /* Build configuration list for PBXProject "DonationApp" */;
			compatibilityVersion = "Xcode 3.2";
			developmentRegion = English;
			hasScannedForEncodings = 0;
			knownRegions = (
				en,
			);
			mainGroup = 83195D75162D175600B63831;
			productRefGroup = 83195D81162D175600B63831 /* Products */;
			projectDirPath = "";
			projectRoot = "";
			targets = (
				83195D7F162D175600B63831 /* DonationApp */,
				836852681633BC7D00E51EEB /* DonationAppTests */,
			);
		};
/* End PBXProject section */

/* Begin PBXResourcesBuildPhase section */
		83195D7E162D175600B63831 /* Resources */ = {
			isa = PBXResourcesBuildPhase;
			buildActionMask = 2147483647;
			files = (
				83195D8F162D175600B63831 /* InfoPlist.strings in Resources */,
				83195D97162D175600B63831 /* Default.png in Resources */,
				83195D99162D175600B63831 /* Default@2x.png in Resources */,
				83195D9B162D175600B63831 /* Default-568h@2x.png in Resources */,
				83195D9E162D175600B63831 /* MainStoryboard.storyboard in Resources */,
				83195DA3162D175600B63831 /* first.png in Resources */,
				83195DA5162D175600B63831 /* first@2x.png in Resources */,
				83195DAA162D175600B63831 /* second.png in Resources */,
				83195DAC162D175600B63831 /* second@2x.png in Resources */,
				83195DC2162D25AC00B63831 /* CDSplash.jpg in Resources */,
				83195DC3162D25AC00B63831 /* CDSplash@2x.jpg in Resources */,
				83195DC4162D25AC00B63831 /* Default.png in Resources */,
				83195DC5162D25AC00B63831 /* Default@2x.png in Resources */,
				83195DC6162D25AC00B63831 /* VP.png in Resources */,
				83195DC7162D25AC00B63831 /* VP@2x.png in Resources */,
				83195DC9162D25C600B63831 /* appicon.png in Resources */,
				83195DCB162D25D100B63831 /* appicon@2x.png in Resources */,
				8397DF7F162E76C0000D8633 /* 17-bar-chart.png in Resources */,
				8397DF80162E76C0000D8633 /* 53-house.png in Resources */,
				8397DF81162E76C0000D8633 /* 172-pricetag.png in Resources */,
				8397DF82162E76C0000D8633 /* 177-building.png in Resources */,
				8397DF84162E78E5000D8633 /* arrow_icon.jpg in Resources */,
				8397DF8B162E82F2000D8633 /* logo_large.png in Resources */,
				8397DF8C162E82F2000D8633 /* logo_orgs.png in Resources */,
				831D884A162FBAA900274662 /* CD_App_SU_Screen_r3.png in Resources */,
				83AD5A42165E893000347FB3 /* VPNOverlayViewController.xib in Resources */,
			);
			runOnlyForDeploymentPostprocessing = 0;
		};
		836852661633BC7D00E51EEB /* Resources */ = {
			isa = PBXResourcesBuildPhase;
			buildActionMask = 2147483647;
			files = (
				836852731633BC7D00E51EEB /* InfoPlist.strings in Resources */,
				83AD5A43165E893000347FB3 /* VPNOverlayViewController.xib in Resources */,
			);
			runOnlyForDeploymentPostprocessing = 0;
		};
/* End PBXResourcesBuildPhase section */

/* Begin PBXShellScriptBuildPhase section */
		836852671633BC7D00E51EEB /* ShellScript */ = {
			isa = PBXShellScriptBuildPhase;
			buildActionMask = 2147483647;
			files = (
			);
			inputPaths = (
			);
			outputPaths = (
			);
			runOnlyForDeploymentPostprocessing = 0;
			shellPath = /bin/sh;
			shellScript = "# Run the unit tests in this test bundle.\n\"${SYSTEM_DEVELOPER_DIR}/Tools/RunUnitTests\"\n";
		};
/* End PBXShellScriptBuildPhase section */

/* Begin PBXSourcesBuildPhase section */
		83195D7C162D175600B63831 /* Sources */ = {
			isa = PBXSourcesBuildPhase;
			buildActionMask = 2147483647;
			files = (
				83195D91162D175600B63831 /* main.m in Sources */,
				83195D95162D175600B63831 /* VPNAppDelegate.m in Sources */,
				83195DB4162D188F00B63831 /* VPNSplashViewController.m in Sources */,
				8397DF72162E6C04000D8633 /* VPNUser.m in Sources */,
				8397DF7A162E7581000D8633 /* VPNHomeViewController.m in Sources */,
				831D8847162FB44500274662 /* VPNMainTabGroupViewController.m in Sources */,
				83A1D3F316311295002CD13C /* VPNUserSignupViewController.m in Sources */,
				83A1D3F7163117DE002CD13C /* VPNLoginViewController.m in Sources */,
				83175E8A16365A8E000C98B4 /* VPNSelectTaxRateViewController.m in Sources */,
				8398667F1639816F009D8518 /* VPNTaxSavings.m in Sources */,
				83BFD91B163F853A00BC64B7 /* VPNCDManager.m in Sources */,
				83BFD927163F892900BC64B7 /* VPNCDCommunicator.m in Sources */,
				83BFD93C163F9A5000BC64B7 /* VPNUserBuilder.m in Sources */,
				830DF56B1640E4EA00A31818 /* VPNSession.m in Sources */,
				830DF56F1640E5F200A31818 /* VPNSessionBuilder.m in Sources */,
				8390ECC01648BCC0000D03AE /* VPNOrganization.m in Sources */,
				8390ECC91648C12A000D03AE /* VPNOrganizationListViewController.m in Sources */,
				8390ECD11648CA08000D03AE /* VPNOrganizationCell.m in Sources */,
				834DBDDF164CCAA1006B0ED8 /* VPNNotifier.m in Sources */,
				8387D48C165615BA00FE7C0E /* VPNSelectTaxYearViewController.m in Sources */,
				8393FED3165B3CAA00BD52A2 /* VPNContactInfoCell.m in Sources */,
				8393FED8165B3CBA00BD52A2 /* VPNPasswordCell.m in Sources */,
				8393FEDC165B3CCF00BD52A2 /* VPNTaxSavingsCell.m in Sources */,
				83AD5A3F165E881600347FB3 /* VPNOverlayViewController.m in Sources */,
			);
			runOnlyForDeploymentPostprocessing = 0;
		};
		836852641633BC7D00E51EEB /* Sources */ = {
			isa = PBXSourcesBuildPhase;
			buildActionMask = 2147483647;
			files = (
				83175E7B16364E3E000C98B4 /* VPNUserTest.m in Sources */,
				83175E7E163650BB000C98B4 /* VPNUserSignupViewControllerTest.m in Sources */,
				83175E8116365367000C98B4 /* VPNLoginViewControllerTest.m in Sources */,
				83175E8416365711000C98B4 /* VPNMainTabGroupControllerTest.m in Sources */,
				83175E871636575E000C98B4 /* VPNHomeViewControllerTest.m in Sources */,
				83175E8D16365A9F000C98B4 /* VPNSelectTaxRateViewControllerTest.m in Sources */,
				839866831639819A009D8518 /* VPNTaxSavingsTests.m in Sources */,
				83BFD91C163F853A00BC64B7 /* VPNCDManager.m in Sources */,
				83BFD928163F892900BC64B7 /* VPNCDCommunicator.m in Sources */,
				83BFD93D163F9A5000BC64B7 /* VPNUserBuilder.m in Sources */,
				830DF5671640E42100A31818 /* VPNSessionTests.m in Sources */,
				830DF56C1640E4EA00A31818 /* VPNSession.m in Sources */,
				830DF5701640E5F200A31818 /* VPNSessionBuilder.m in Sources */,
				8372B08E16423A4800C6E762 /* VPNCommunicatorTests.m in Sources */,
				8390ECBC1648BCA1000D03AE /* VPNOrganizationTests.m in Sources */,
				8390ECC11648BCC0000D03AE /* VPNOrganization.m in Sources */,
				8390ECCA1648C12A000D03AE /* VPNOrganizationListViewController.m in Sources */,
				8390ECCD1648C145000D03AE /* VPNOrganizationsListViewControllerTests.m in Sources */,
				8390ECD21648CA08000D03AE /* VPNOrganizationCell.m in Sources */,
				8335A62E164B752D00806A98 /* VPNManagerTests.m in Sources */,
				834DBDE0164CCAA1006B0ED8 /* VPNNotifier.m in Sources */,
				8387D48D165615BA00FE7C0E /* VPNSelectTaxYearViewController.m in Sources */,
				8387D491165615DB00FE7C0E /* VPNSelectTaxYearViewControllerTests.m in Sources */,
				8393FED4165B3CAA00BD52A2 /* VPNContactInfoCell.m in Sources */,
				8393FED9165B3CBA00BD52A2 /* VPNPasswordCell.m in Sources */,
				8393FEDD165B3CCF00BD52A2 /* VPNTaxSavingsCell.m in Sources */,
				83AD5A40165E881600347FB3 /* VPNOverlayViewController.m in Sources */,
			);
			runOnlyForDeploymentPostprocessing = 0;
		};
/* End PBXSourcesBuildPhase section */

/* Begin PBXTargetDependency section */
		83175E7316364912000C98B4 /* PBXTargetDependency */ = {
			isa = PBXTargetDependency;
			target = 83195D7F162D175600B63831 /* DonationApp */;
			targetProxy = 83175E7216364912000C98B4 /* PBXContainerItemProxy */;
		};
/* End PBXTargetDependency section */

/* Begin PBXVariantGroup section */
		83195D8D162D175600B63831 /* InfoPlist.strings */ = {
			isa = PBXVariantGroup;
			children = (
				83195D8E162D175600B63831 /* en */,
			);
			name = InfoPlist.strings;
			sourceTree = "<group>";
		};
		83195D9C162D175600B63831 /* MainStoryboard.storyboard */ = {
			isa = PBXVariantGroup;
			children = (
				83195D9D162D175600B63831 /* en */,
			);
			name = MainStoryboard.storyboard;
			sourceTree = "<group>";
		};
		836852711633BC7D00E51EEB /* InfoPlist.strings */ = {
			isa = PBXVariantGroup;
			children = (
				836852721633BC7D00E51EEB /* en */,
			);
			name = InfoPlist.strings;
			sourceTree = "<group>";
		};
/* End PBXVariantGroup section */

/* Begin XCBuildConfiguration section */
		83195DAD162D175600B63831 /* Debug */ = {
			isa = XCBuildConfiguration;
			buildSettings = {
				ALWAYS_SEARCH_USER_PATHS = NO;
				CLANG_CXX_LANGUAGE_STANDARD = "gnu++0x";
				CLANG_CXX_LIBRARY = "libc++";
				CLANG_ENABLE_OBJC_ARC = YES;
				CLANG_WARN_EMPTY_BODY = YES;
				CLANG_WARN__DUPLICATE_METHOD_MATCH = YES;
				"CODE_SIGN_IDENTITY[sdk=iphoneos*]" = "iPhone Developer";
				COPY_PHASE_STRIP = NO;
				GCC_C_LANGUAGE_STANDARD = gnu99;
				GCC_DYNAMIC_NO_PIC = NO;
				GCC_OPTIMIZATION_LEVEL = 0;
				GCC_PREPROCESSOR_DEFINITIONS = (
					"DEBUG=1",
					"$(inherited)",
				);
				GCC_SYMBOLS_PRIVATE_EXTERN = NO;
				GCC_WARN_ABOUT_RETURN_TYPE = YES;
				GCC_WARN_UNINITIALIZED_AUTOS = YES;
				GCC_WARN_UNUSED_VARIABLE = YES;
				IPHONEOS_DEPLOYMENT_TARGET = 6.0;
				ONLY_ACTIVE_ARCH = YES;
				SDKROOT = iphoneos;
			};
			name = Debug;
		};
		83195DAE162D175600B63831 /* Release */ = {
			isa = XCBuildConfiguration;
			buildSettings = {
				ALWAYS_SEARCH_USER_PATHS = NO;
				CLANG_CXX_LANGUAGE_STANDARD = "gnu++0x";
				CLANG_CXX_LIBRARY = "libc++";
				CLANG_ENABLE_OBJC_ARC = YES;
				CLANG_WARN_EMPTY_BODY = YES;
				CLANG_WARN__DUPLICATE_METHOD_MATCH = YES;
				"CODE_SIGN_IDENTITY[sdk=iphoneos*]" = "iPhone Developer";
				COPY_PHASE_STRIP = YES;
				GCC_C_LANGUAGE_STANDARD = gnu99;
				GCC_WARN_ABOUT_RETURN_TYPE = YES;
				GCC_WARN_UNINITIALIZED_AUTOS = YES;
				GCC_WARN_UNUSED_VARIABLE = YES;
				IPHONEOS_DEPLOYMENT_TARGET = 6.0;
				OTHER_CFLAGS = "-DNS_BLOCK_ASSERTIONS=1";
				SDKROOT = iphoneos;
				VALIDATE_PRODUCT = YES;
			};
			name = Release;
		};
		83195DB0162D175600B63831 /* Debug */ = {
			isa = XCBuildConfiguration;
			buildSettings = {
				GCC_PRECOMPILE_PREFIX_HEADER = YES;
				GCC_PREFIX_HEADER = "DonationApp/DonationApp-Prefix.pch";
				INFOPLIST_FILE = "DonationApp/DonationApp-Info.plist";
				IPHONEOS_DEPLOYMENT_TARGET = 5.1;
				LIBRARY_SEARCH_PATHS = (
					"$(inherited)",
					"\"$(SRCROOT)/usr/lib\"",
				);
				PRODUCT_NAME = "$(TARGET_NAME)";
				WRAPPER_EXTENSION = app;
			};
			name = Debug;
		};
		83195DB1162D175600B63831 /* Release */ = {
			isa = XCBuildConfiguration;
			buildSettings = {
				GCC_PRECOMPILE_PREFIX_HEADER = YES;
				GCC_PREFIX_HEADER = "DonationApp/DonationApp-Prefix.pch";
				INFOPLIST_FILE = "DonationApp/DonationApp-Info.plist";
				IPHONEOS_DEPLOYMENT_TARGET = 5.1;
				LIBRARY_SEARCH_PATHS = (
					"$(inherited)",
					"\"$(SRCROOT)/usr/lib\"",
				);
				PRODUCT_NAME = "$(TARGET_NAME)";
				WRAPPER_EXTENSION = app;
			};
			name = Release;
		};
		836852781633BC7D00E51EEB /* Debug */ = {
			isa = XCBuildConfiguration;
			buildSettings = {
				BUNDLE_LOADER = "$(BUILT_PRODUCTS_DIR)/DonationApp.app/DonationApp";
				FRAMEWORK_SEARCH_PATHS = (
					"\"$(SDKROOT)/Developer/Library/Frameworks\"",
					"\"$(DEVELOPER_LIBRARY_DIR)/Frameworks\"",
				);
				GCC_PRECOMPILE_PREFIX_HEADER = YES;
				GCC_PREFIX_HEADER = "DonationAppTests/DonationAppTests-Prefix.pch";
				HEADER_SEARCH_PATHS = "$(SRCROOT)/DonationAppTests/libraries";
				INFOPLIST_FILE = "DonationAppTests/DonationAppTests-Info.plist";
				IPHONEOS_DEPLOYMENT_TARGET = 5.1;
				LIBRARY_SEARCH_PATHS = (
					"$(inherited)",
					"\"$(SRCROOT)/usr/lib\"",
					"\"$(SRCROOT)/DonationAppTests/libraries\"",
				);
				OTHER_CODE_SIGN_FLAGS = "";
				OTHER_LDFLAGS = (
					"-force_load",
					"\"$(SRCROOT)/DonationAppTests/libraries/libOCMock.a\"",
					"-ObjC",
				);
				PRODUCT_NAME = "$(TARGET_NAME)";
				TEST_HOST = "$(BUNDLE_LOADER)";
				WRAPPER_EXTENSION = octest;
			};
			name = Debug;
		};
		836852791633BC7D00E51EEB /* Release */ = {
			isa = XCBuildConfiguration;
			buildSettings = {
				BUNDLE_LOADER = "$(BUILT_PRODUCTS_DIR)/DonationApp.app/DonationApp";
				FRAMEWORK_SEARCH_PATHS = (
					"\"$(SDKROOT)/Developer/Library/Frameworks\"",
					"\"$(DEVELOPER_LIBRARY_DIR)/Frameworks\"",
				);
				GCC_PRECOMPILE_PREFIX_HEADER = YES;
				GCC_PREFIX_HEADER = "DonationAppTests/DonationAppTests-Prefix.pch";
				HEADER_SEARCH_PATHS = "$(SRCROOT)/DonationAppTests/libraries";
				INFOPLIST_FILE = "DonationAppTests/DonationAppTests-Info.plist";
				IPHONEOS_DEPLOYMENT_TARGET = 5.1;
				LIBRARY_SEARCH_PATHS = (
					"$(inherited)",
					"\"$(SRCROOT)/usr/lib\"",
					"\"$(SRCROOT)/DonationAppTests/libraries\"",
				);
				OTHER_CODE_SIGN_FLAGS = "";
				OTHER_LDFLAGS = (
					"-force_load",
					"\"$(SRCROOT)/DonationAppTests/libraries/libOCMock.a\"",
					"-ObjC",
				);
				PRODUCT_NAME = "$(TARGET_NAME)";
				TEST_HOST = "$(BUNDLE_LOADER)";
				WRAPPER_EXTENSION = octest;
			};
			name = Release;
		};
/* End XCBuildConfiguration section */

/* Begin XCConfigurationList section */
		83195D7A162D175600B63831 /* Build configuration list for PBXProject "DonationApp" */ = {
			isa = XCConfigurationList;
			buildConfigurations = (
				83195DAD162D175600B63831 /* Debug */,
				83195DAE162D175600B63831 /* Release */,
			);
			defaultConfigurationIsVisible = 0;
			defaultConfigurationName = Release;
		};
		83195DAF162D175600B63831 /* Build configuration list for PBXNativeTarget "DonationApp" */ = {
			isa = XCConfigurationList;
			buildConfigurations = (
				83195DB0162D175600B63831 /* Debug */,
				83195DB1162D175600B63831 /* Release */,
			);
			defaultConfigurationIsVisible = 0;
			defaultConfigurationName = Release;
		};
		8368527A1633BC7D00E51EEB /* Build configuration list for PBXNativeTarget "DonationAppTests" */ = {
			isa = XCConfigurationList;
			buildConfigurations = (
				836852781633BC7D00E51EEB /* Debug */,
				836852791633BC7D00E51EEB /* Release */,
			);
			defaultConfigurationIsVisible = 0;
			defaultConfigurationName = Release;
		};
/* End XCConfigurationList section */
	};
	rootObject = 83195D77162D175600B63831 /* Project object */;
}
